// !$*UTF8*$!
{
	archiveVersion = 1;
	classes = {
	};
	objectVersion = 77;
	objects = {

/* Begin PBXBuildFile section */
		3FB3E9582E0F99B1009D7130 /* shiftlogo.png in Resources */ = {isa = PBXBuildFile; fileRef = 3FB3E9572E0F99B0009D7130 /* shiftlogo.png */; };
		3FC867662E075D1A0059645E /* FirebaseAuth in Frameworks */ = {isa = PBXBuildFile; productRef = 3FC867652E075D1A0059645E /* FirebaseAuth */; };
		3FC867682E075D1A0059645E /* FirebaseDatabase in Frameworks */ = {isa = PBXBuildFile; productRef = 3FC867672E075D1A0059645E /* FirebaseDatabase */; };
		3FC8676A2E075D1A0059645E /* FirebaseFirestore in Frameworks */ = {isa = PBXBuildFile; productRef = 3FC867692E075D1A0059645E /* FirebaseFirestore */; };
		3FC8676C2E075D1A0059645E /* FirebaseFunctions in Frameworks */ = {isa = PBXBuildFile; productRef = 3FC8676B2E075D1A0059645E /* FirebaseFunctions */; };
		3FC8676E2E075D1A0059645E /* FirebaseStorage in Frameworks */ = {isa = PBXBuildFile; productRef = 3FC8676D2E075D1A0059645E /* FirebaseStorage */; };
		3FC867712E075D430059645E /* GoogleSignIn in Frameworks */ = {isa = PBXBuildFile; productRef = 3FC867702E075D430059645E /* GoogleSignIn */; };
		3FC867732E075D430059645E /* GoogleSignInSwift in Frameworks */ = {isa = PBXBuildFile; productRef = 3FC867722E075D430059645E /* GoogleSignInSwift */; };
/* End PBXBuildFile section */

/* Begin PBXContainerItemProxy section */
		3F15A2A22DB74A8C0039128B /* PBXContainerItemProxy */ = {
			isa = PBXContainerItemProxy;
			containerPortal = 3F15A2892DB74A8A0039128B /* Project object */;
			proxyType = 1;
			remoteGlobalIDString = 3F15A2902DB74A8A0039128B;
			remoteInfo = shift;
		};
		3F15A2AC2DB74A8C0039128B /* PBXContainerItemProxy */ = {
			isa = PBXContainerItemProxy;
			containerPortal = 3F15A2892DB74A8A0039128B /* Project object */;
			proxyType = 1;
			remoteGlobalIDString = 3F15A2902DB74A8A0039128B;
			remoteInfo = shift;
		};
/* End PBXContainerItemProxy section */

/* Begin PBXFileReference section */
		3F15A2912DB74A8A0039128B /* shift.app */ = {isa = PBXFileReference; explicitFileType = wrapper.application; includeInIndex = 0; path = shift.app; sourceTree = BUILT_PRODUCTS_DIR; };
		3F15A2A12DB74A8C0039128B /* shiftTests.xctest */ = {isa = PBXFileReference; explicitFileType = wrapper.cfbundle; includeInIndex = 0; path = shiftTests.xctest; sourceTree = BUILT_PRODUCTS_DIR; };
		3F15A2AB2DB74A8C0039128B /* shiftUITests.xctest */ = {isa = PBXFileReference; explicitFileType = wrapper.cfbundle; includeInIndex = 0; path = shiftUITests.xctest; sourceTree = BUILT_PRODUCTS_DIR; };
		3FB3E9572E0F99B0009D7130 /* shiftlogo.png */ = {isa = PBXFileReference; lastKnownFileType = image.png; path = shiftlogo.png; sourceTree = "<group>"; };
/* End PBXFileReference section */

/* Begin PBXFileSystemSynchronizedRootGroup section */
		3F15A2932DB74A8A0039128B /* shift */ = {
			isa = PBXFileSystemSynchronizedRootGroup;
			path = shift;
			sourceTree = "<group>";
		};
		3F15A2A42DB74A8C0039128B /* shiftTests */ = {
			isa = PBXFileSystemSynchronizedRootGroup;
			path = shiftTests;
			sourceTree = "<group>";
		};
		3F15A2AE2DB74A8C0039128B /* shiftUITests */ = {
			isa = PBXFileSystemSynchronizedRootGroup;
			path = shiftUITests;
			sourceTree = "<group>";
		};
/* End PBXFileSystemSynchronizedRootGroup section */

/* Begin PBXFrameworksBuildPhase section */
		3F15A28E2DB74A8A0039128B /* Frameworks */ = {
			isa = PBXFrameworksBuildPhase;
			buildActionMask = 2147483647;
			files = (
				3FC867682E075D1A0059645E /* FirebaseDatabase in Frameworks */,
				3FC867662E075D1A0059645E /* FirebaseAuth in Frameworks */,
				3FC867732E075D430059645E /* GoogleSignInSwift in Frameworks */,
				3FC8676A2E075D1A0059645E /* FirebaseFirestore in Frameworks */,
				3FC8676E2E075D1A0059645E /* FirebaseStorage in Frameworks */,
				3FC8676C2E075D1A0059645E /* FirebaseFunctions in Frameworks */,
				3FC867712E075D430059645E /* GoogleSignIn in Frameworks */,
			);
			runOnlyForDeploymentPostprocessing = 0;
		};
		3F15A29E2DB74A8C0039128B /* Frameworks */ = {
			isa = PBXFrameworksBuildPhase;
			buildActionMask = 2147483647;
			files = (
			);
			runOnlyForDeploymentPostprocessing = 0;
		};
		3F15A2A82DB74A8C0039128B /* Frameworks */ = {
			isa = PBXFrameworksBuildPhase;
			buildActionMask = 2147483647;
			files = (
			);
			runOnlyForDeploymentPostprocessing = 0;
		};
/* End PBXFrameworksBuildPhase section */

/* Begin PBXGroup section */
		3F15A2882DB74A8A0039128B = {
			isa = PBXGroup;
			children = (
				3FB3E9572E0F99B0009D7130 /* shiftlogo.png */,
				3F15A2932DB74A8A0039128B /* shift */,
				3F15A2A42DB74A8C0039128B /* shiftTests */,
				3F15A2AE2DB74A8C0039128B /* shiftUITests */,
				3F15A2922DB74A8A0039128B /* Products */,
			);
			sourceTree = "<group>";
		};
		3F15A2922DB74A8A0039128B /* Products */ = {
			isa = PBXGroup;
			children = (
				3F15A2912DB74A8A0039128B /* shift.app */,
				3F15A2A12DB74A8C0039128B /* shiftTests.xctest */,
				3F15A2AB2DB74A8C0039128B /* shiftUITests.xctest */,
			);
			name = Products;
			sourceTree = "<group>";
		};
/* End PBXGroup section */

/* Begin PBXNativeTarget section */
		3F15A2902DB74A8A0039128B /* shift */ = {
			isa = PBXNativeTarget;
			buildConfigurationList = 3F15A2B52DB74A8C0039128B /* Build configuration list for PBXNativeTarget "shift" */;
			buildPhases = (
				3F15A28D2DB74A8A0039128B /* Sources */,
				3F15A28E2DB74A8A0039128B /* Frameworks */,
				3F15A28F2DB74A8A0039128B /* Resources */,
			);
			buildRules = (
			);
			dependencies = (
			);
			fileSystemSynchronizedGroups = (
				3F15A2932DB74A8A0039128B /* shift */,
			);
			name = shift;
			packageProductDependencies = (
				3FC867652E075D1A0059645E /* FirebaseAuth */,
				3FC867672E075D1A0059645E /* FirebaseDatabase */,
				3FC867692E075D1A0059645E /* FirebaseFirestore */,
				3FC8676B2E075D1A0059645E /* FirebaseFunctions */,
				3FC8676D2E075D1A0059645E /* FirebaseStorage */,
				3FC867702E075D430059645E /* GoogleSignIn */,
				3FC867722E075D430059645E /* GoogleSignInSwift */,
			);
			productName = shift;
			productReference = 3F15A2912DB74A8A0039128B /* shift.app */;
			productType = "com.apple.product-type.application";
		};
		3F15A2A02DB74A8C0039128B /* shiftTests */ = {
			isa = PBXNativeTarget;
			buildConfigurationList = 3F15A2B82DB74A8C0039128B /* Build configuration list for PBXNativeTarget "shiftTests" */;
			buildPhases = (
				3F15A29D2DB74A8C0039128B /* Sources */,
				3F15A29E2DB74A8C0039128B /* Frameworks */,
				3F15A29F2DB74A8C0039128B /* Resources */,
			);
			buildRules = (
			);
			dependencies = (
				3F15A2A32DB74A8C0039128B /* PBXTargetDependency */,
			);
			fileSystemSynchronizedGroups = (
				3F15A2A42DB74A8C0039128B /* shiftTests */,
			);
			name = shiftTests;
			packageProductDependencies = (
			);
			productName = shiftTests;
			productReference = 3F15A2A12DB74A8C0039128B /* shiftTests.xctest */;
			productType = "com.apple.product-type.bundle.unit-test";
		};
		3F15A2AA2DB74A8C0039128B /* shiftUITests */ = {
			isa = PBXNativeTarget;
			buildConfigurationList = 3F15A2BB2DB74A8C0039128B /* Build configuration list for PBXNativeTarget "shiftUITests" */;
			buildPhases = (
				3F15A2A72DB74A8C0039128B /* Sources */,
				3F15A2A82DB74A8C0039128B /* Frameworks */,
				3F15A2A92DB74A8C0039128B /* Resources */,
			);
			buildRules = (
			);
			dependencies = (
				3F15A2AD2DB74A8C0039128B /* PBXTargetDependency */,
			);
			fileSystemSynchronizedGroups = (
				3F15A2AE2DB74A8C0039128B /* shiftUITests */,
			);
			name = shiftUITests;
			packageProductDependencies = (
			);
			productName = shiftUITests;
			productReference = 3F15A2AB2DB74A8C0039128B /* shiftUITests.xctest */;
			productType = "com.apple.product-type.bundle.ui-testing";
		};
/* End PBXNativeTarget section */

/* Begin PBXProject section */
		3F15A2892DB74A8A0039128B /* Project object */ = {
			isa = PBXProject;
			attributes = {
				BuildIndependentTargetsInParallel = 1;
				LastSwiftUpdateCheck = 1620;
				LastUpgradeCheck = 1620;
				TargetAttributes = {
					3F15A2902DB74A8A0039128B = {
						CreatedOnToolsVersion = 16.2;
					};
					3F15A2A02DB74A8C0039128B = {
						CreatedOnToolsVersion = 16.2;
						TestTargetID = 3F15A2902DB74A8A0039128B;
					};
					3F15A2AA2DB74A8C0039128B = {
						CreatedOnToolsVersion = 16.2;
						TestTargetID = 3F15A2902DB74A8A0039128B;
					};
				};
			};
			buildConfigurationList = 3F15A28C2DB74A8A0039128B /* Build configuration list for PBXProject "shift" */;
			developmentRegion = en;
			hasScannedForEncodings = 0;
			knownRegions = (
				en,
				Base,
			);
			mainGroup = 3F15A2882DB74A8A0039128B;
			minimizedProjectReferenceProxies = 1;
			packageReferences = (
				3FC867642E075D1A0059645E /* XCRemoteSwiftPackageReference "firebase-ios-sdk" */,
				3FC8676F2E075D430059645E /* XCRemoteSwiftPackageReference "GoogleSignIn-iOS" */,
			);
			preferredProjectObjectVersion = 77;
			productRefGroup = 3F15A2922DB74A8A0039128B /* Products */;
			projectDirPath = "";
			projectRoot = "";
			targets = (
				3F15A2902DB74A8A0039128B /* shift */,
				3F15A2A02DB74A8C0039128B /* shiftTests */,
				3F15A2AA2DB74A8C0039128B /* shiftUITests */,
			);
		};
/* End PBXProject section */

/* Begin PBXResourcesBuildPhase section */
		3F15A28F2DB74A8A0039128B /* Resources */ = {
			isa = PBXResourcesBuildPhase;
			buildActionMask = 2147483647;
			files = (
				3FB3E9582E0F99B1009D7130 /* shiftlogo.png in Resources */,
			);
			runOnlyForDeploymentPostprocessing = 0;
		};
		3F15A29F2DB74A8C0039128B /* Resources */ = {
			isa = PBXResourcesBuildPhase;
			buildActionMask = 2147483647;
			files = (
			);
			runOnlyForDeploymentPostprocessing = 0;
		};
		3F15A2A92DB74A8C0039128B /* Resources */ = {
			isa = PBXResourcesBuildPhase;
			buildActionMask = 2147483647;
			files = (
			);
			runOnlyForDeploymentPostprocessing = 0;
		};
/* End PBXResourcesBuildPhase section */

/* Begin PBXSourcesBuildPhase section */
		3F15A28D2DB74A8A0039128B /* Sources */ = {
			isa = PBXSourcesBuildPhase;
			buildActionMask = 2147483647;
			files = (
			);
			runOnlyForDeploymentPostprocessing = 0;
		};
		3F15A29D2DB74A8C0039128B /* Sources */ = {
			isa = PBXSourcesBuildPhase;
			buildActionMask = 2147483647;
			files = (
			);
			runOnlyForDeploymentPostprocessing = 0;
		};
		3F15A2A72DB74A8C0039128B /* Sources */ = {
			isa = PBXSourcesBuildPhase;
			buildActionMask = 2147483647;
			files = (
			);
			runOnlyForDeploymentPostprocessing = 0;
		};
/* End PBXSourcesBuildPhase section */

/* Begin PBXTargetDependency section */
		3F15A2A32DB74A8C0039128B /* PBXTargetDependency */ = {
			isa = PBXTargetDependency;
			target = 3F15A2902DB74A8A0039128B /* shift */;
			targetProxy = 3F15A2A22DB74A8C0039128B /* PBXContainerItemProxy */;
		};
		3F15A2AD2DB74A8C0039128B /* PBXTargetDependency */ = {
			isa = PBXTargetDependency;
			target = 3F15A2902DB74A8A0039128B /* shift */;
			targetProxy = 3F15A2AC2DB74A8C0039128B /* PBXContainerItemProxy */;
		};
/* End PBXTargetDependency section */

/* Begin XCBuildConfiguration section */
		3F15A2B32DB74A8C0039128B /* Debug */ = {
			isa = XCBuildConfiguration;
			buildSettings = {
				ALWAYS_SEARCH_USER_PATHS = NO;
				ASSETCATALOG_COMPILER_GENERATE_SWIFT_ASSET_SYMBOL_EXTENSIONS = YES;
				CLANG_ANALYZER_NONNULL = YES;
				CLANG_ANALYZER_NUMBER_OBJECT_CONVERSION = YES_AGGRESSIVE;
				CLANG_CXX_LANGUAGE_STANDARD = "gnu++20";
				CLANG_ENABLE_MODULES = YES;
				CLANG_ENABLE_OBJC_ARC = YES;
				CLANG_ENABLE_OBJC_WEAK = YES;
				CLANG_WARN_BLOCK_CAPTURE_AUTORELEASING = YES;
				CLANG_WARN_BOOL_CONVERSION = YES;
				CLANG_WARN_COMMA = YES;
				CLANG_WARN_CONSTANT_CONVERSION = YES;
				CLANG_WARN_DEPRECATED_OBJC_IMPLEMENTATIONS = YES;
				CLANG_WARN_DIRECT_OBJC_ISA_USAGE = YES_ERROR;
				CLANG_WARN_DOCUMENTATION_COMMENTS = YES;
				CLANG_WARN_EMPTY_BODY = YES;
				CLANG_WARN_ENUM_CONVERSION = YES;
				CLANG_WARN_INFINITE_RECURSION = YES;
				CLANG_WARN_INT_CONVERSION = YES;
				CLANG_WARN_NON_LITERAL_NULL_CONVERSION = YES;
				CLANG_WARN_OBJC_IMPLICIT_RETAIN_SELF = YES;
				CLANG_WARN_OBJC_LITERAL_CONVERSION = YES;
				CLANG_WARN_OBJC_ROOT_CLASS = YES_ERROR;
				CLANG_WARN_QUOTED_INCLUDE_IN_FRAMEWORK_HEADER = YES;
				CLANG_WARN_RANGE_LOOP_ANALYSIS = YES;
				CLANG_WARN_STRICT_PROTOTYPES = YES;
				CLANG_WARN_SUSPICIOUS_MOVE = YES;
				CLANG_WARN_UNGUARDED_AVAILABILITY = YES_AGGRESSIVE;
				CLANG_WARN_UNREACHABLE_CODE = YES;
				CLANG_WARN__DUPLICATE_METHOD_MATCH = YES;
				COPY_PHASE_STRIP = NO;
				DEBUG_INFORMATION_FORMAT = dwarf;
				ENABLE_STRICT_OBJC_MSGSEND = YES;
				ENABLE_TESTABILITY = YES;
				ENABLE_USER_SCRIPT_SANDBOXING = YES;
				GCC_C_LANGUAGE_STANDARD = gnu17;
				GCC_DYNAMIC_NO_PIC = NO;
				GCC_NO_COMMON_BLOCKS = YES;
				GCC_OPTIMIZATION_LEVEL = 0;
				GCC_PREPROCESSOR_DEFINITIONS = (
					"DEBUG=1",
					"$(inherited)",
				);
				GCC_WARN_64_TO_32_BIT_CONVERSION = YES;
				GCC_WARN_ABOUT_RETURN_TYPE = YES_ERROR;
				GCC_WARN_UNDECLARED_SELECTOR = YES;
				GCC_WARN_UNINITIALIZED_AUTOS = YES_AGGRESSIVE;
				GCC_WARN_UNUSED_FUNCTION = YES;
				GCC_WARN_UNUSED_VARIABLE = YES;
				IPHONEOS_DEPLOYMENT_TARGET = 17.0;
				LOCALIZATION_PREFERS_STRING_CATALOGS = YES;
				MTL_ENABLE_DEBUG_INFO = INCLUDE_SOURCE;
				MTL_FAST_MATH = YES;
				ONLY_ACTIVE_ARCH = YES;
				SDKROOT = iphoneos;
				SWIFT_ACTIVE_COMPILATION_CONDITIONS = "DEBUG $(inherited)";
				SWIFT_OPTIMIZATION_LEVEL = "-Onone";
			};
			name = Debug;
		};
		3F15A2B42DB74A8C0039128B /* Release */ = {
			isa = XCBuildConfiguration;
			buildSettings = {
				ALWAYS_SEARCH_USER_PATHS = NO;
				ASSETCATALOG_COMPILER_GENERATE_SWIFT_ASSET_SYMBOL_EXTENSIONS = YES;
				CLANG_ANALYZER_NONNULL = YES;
				CLANG_ANALYZER_NUMBER_OBJECT_CONVERSION = YES_AGGRESSIVE;
				CLANG_CXX_LANGUAGE_STANDARD = "gnu++20";
				CLANG_ENABLE_MODULES = YES;
				CLANG_ENABLE_OBJC_ARC = YES;
				CLANG_ENABLE_OBJC_WEAK = YES;
				CLANG_WARN_BLOCK_CAPTURE_AUTORELEASING = YES;
				CLANG_WARN_BOOL_CONVERSION = YES;
				CLANG_WARN_COMMA = YES;
				CLANG_WARN_CONSTANT_CONVERSION = YES;
				CLANG_WARN_DEPRECATED_OBJC_IMPLEMENTATIONS = YES;
				CLANG_WARN_DIRECT_OBJC_ISA_USAGE = YES_ERROR;
				CLANG_WARN_DOCUMENTATION_COMMENTS = YES;
				CLANG_WARN_EMPTY_BODY = YES;
				CLANG_WARN_ENUM_CONVERSION = YES;
				CLANG_WARN_INFINITE_RECURSION = YES;
				CLANG_WARN_INT_CONVERSION = YES;
				CLANG_WARN_NON_LITERAL_NULL_CONVERSION = YES;
				CLANG_WARN_OBJC_IMPLICIT_RETAIN_SELF = YES;
				CLANG_WARN_OBJC_LITERAL_CONVERSION = YES;
				CLANG_WARN_OBJC_ROOT_CLASS = YES_ERROR;
				CLANG_WARN_QUOTED_INCLUDE_IN_FRAMEWORK_HEADER = YES;
				CLANG_WARN_RANGE_LOOP_ANALYSIS = YES;
				CLANG_WARN_STRICT_PROTOTYPES = YES;
				CLANG_WARN_SUSPICIOUS_MOVE = YES;
				CLANG_WARN_UNGUARDED_AVAILABILITY = YES_AGGRESSIVE;
				CLANG_WARN_UNREACHABLE_CODE = YES;
				CLANG_WARN__DUPLICATE_METHOD_MATCH = YES;
				COPY_PHASE_STRIP = NO;
				DEBUG_INFORMATION_FORMAT = "dwarf-with-dsym";
				ENABLE_NS_ASSERTIONS = NO;
				ENABLE_STRICT_OBJC_MSGSEND = YES;
				ENABLE_USER_SCRIPT_SANDBOXING = YES;
				GCC_C_LANGUAGE_STANDARD = gnu17;
				GCC_NO_COMMON_BLOCKS = YES;
				GCC_WARN_64_TO_32_BIT_CONVERSION = YES;
				GCC_WARN_ABOUT_RETURN_TYPE = YES_ERROR;
				GCC_WARN_UNDECLARED_SELECTOR = YES;
				GCC_WARN_UNINITIALIZED_AUTOS = YES_AGGRESSIVE;
				GCC_WARN_UNUSED_FUNCTION = YES;
				GCC_WARN_UNUSED_VARIABLE = YES;
				IPHONEOS_DEPLOYMENT_TARGET = 17.0;
				LOCALIZATION_PREFERS_STRING_CATALOGS = YES;
				MTL_ENABLE_DEBUG_INFO = NO;
				MTL_FAST_MATH = YES;
				SDKROOT = iphoneos;
				SWIFT_COMPILATION_MODE = wholemodule;
				VALIDATE_PRODUCT = YES;
			};
			name = Release;
		};
		3F15A2B62DB74A8C0039128B /* Debug */ = {
			isa = XCBuildConfiguration;
			buildSettings = {
				ASSETCATALOG_COMPILER_APPICON_NAME = AppIcon;
				ASSETCATALOG_COMPILER_GLOBAL_ACCENT_COLOR_NAME = AccentColor;
				CODE_SIGN_STYLE = Automatic;
				CURRENT_PROJECT_VERSION = 1;
				DEVELOPMENT_ASSET_PATHS = "\"shift/Preview Content\"";
				DEVELOPMENT_TEAM = 4ASDKUPAV3;
				ENABLE_PREVIEWS = YES;
				GENERATE_INFOPLIST_FILE = YES;
				INFOPLIST_KEY_NSCameraUsageDescription = "Shift needs camera access to take profile photos.";
				INFOPLIST_KEY_NSPhotoLibraryUsageDescription = "Shift needs photo library access to select profile photos.";
				INFOPLIST_KEY_NSLocationAlwaysAndWhenInUseUsageDescription = "Shift needs location access to verify you're within 1 mile of events when checking in and to show nearby events.";
				INFOPLIST_KEY_NSLocationWhenInUseUsageDescription = "Shift needs location access to verify you're within 1 mile of events when checking in and to show nearby events.";
				INFOPLIST_KEY_UIApplicationSceneManifest_Generation = YES;
				INFOPLIST_KEY_UIApplicationSupportsIndirectInputEvents = YES;
				INFOPLIST_KEY_UILaunchScreen_Generation = YES;
				INFOPLIST_KEY_UISupportedInterfaceOrientations_iPad = "UIInterfaceOrientationPortrait UIInterfaceOrientationPortraitUpsideDown UIInterfaceOrientationLandscapeLeft UIInterfaceOrientationLandscapeRight";
				INFOPLIST_KEY_UISupportedInterfaceOrientations_iPhone = "UIInterfaceOrientationPortrait UIInterfaceOrientationLandscapeLeft UIInterfaceOrientationLandscapeRight";
				LD_RUNPATH_SEARCH_PATHS = (
					"$(inherited)",
					"@executable_path/Frameworks",
				);
				MARKETING_VERSION = 1.0;
				PRODUCT_BUNDLE_IDENTIFIER = com.christiancattaneo.shift;
				PRODUCT_NAME = "$(TARGET_NAME)";
				SWIFT_EMIT_LOC_STRINGS = YES;
				SWIFT_VERSION = 5.0;
				TARGETED_DEVICE_FAMILY = "1,2";
			};
			name = Debug;
		};
		3F15A2B72DB74A8C0039128B /* Release */ = {
			isa = XCBuildConfiguration;
			buildSettings = {
				ASSETCATALOG_COMPILER_APPICON_NAME = AppIcon;
				ASSETCATALOG_COMPILER_GLOBAL_ACCENT_COLOR_NAME = AccentColor;
				CODE_SIGN_STYLE = Automatic;
				CURRENT_PROJECT_VERSION = 1;
				DEVELOPMENT_ASSET_PATHS = "\"shift/Preview Content\"";
				DEVELOPMENT_TEAM = 4ASDKUPAV3;
				ENABLE_PREVIEWS = YES;
				GENERATE_INFOPLIST_FILE = YES;
				INFOPLIST_KEY_NSCameraUsageDescription = "Shift needs camera access to take profile photos.";
				INFOPLIST_KEY_NSPhotoLibraryUsageDescription = "Shift needs photo library access to select profile photos.";
				INFOPLIST_KEY_NSLocationAlwaysAndWhenInUseUsageDescription = "Shift needs location access to verify you're within 1 mile of events when checking in and to show nearby events.";
				INFOPLIST_KEY_NSLocationWhenInUseUsageDescription = "Shift needs location access to verify you're within 1 mile of events when checking in and to show nearby events.";
				INFOPLIST_KEY_UIApplicationSceneManifest_Generation = YES;
				INFOPLIST_KEY_UIApplicationSupportsIndirectInputEvents = YES;
				INFOPLIST_KEY_UILaunchScreen_Generation = YES;
				INFOPLIST_KEY_UISupportedInterfaceOrientations_iPad = "UIInterfaceOrientationPortrait UIInterfaceOrientationPortraitUpsideDown UIInterfaceOrientationLandscapeLeft UIInterfaceOrientationLandscapeRight";
				INFOPLIST_KEY_UISupportedInterfaceOrientations_iPhone = "UIInterfaceOrientationPortrait UIInterfaceOrientationLandscapeLeft UIInterfaceOrientationLandscapeRight";
				LD_RUNPATH_SEARCH_PATHS = (
					"$(inherited)",
					"@executable_path/Frameworks",
				);
				MARKETING_VERSION = 1.0;
				PRODUCT_BUNDLE_IDENTIFIER = com.christiancattaneo.shift;
				PRODUCT_NAME = "$(TARGET_NAME)";
				SWIFT_EMIT_LOC_STRINGS = YES;
				SWIFT_VERSION = 5.0;
				TARGETED_DEVICE_FAMILY = "1,2";
			};
			name = Release;
		};
		3F15A2B92DB74A8C0039128B /* Debug */ = {
			isa = XCBuildConfiguration;
			buildSettings = {
				BUNDLE_LOADER = "$(TEST_HOST)";
				CODE_SIGN_STYLE = Automatic;
				CURRENT_PROJECT_VERSION = 1;
				DEVELOPMENT_TEAM = 4ASDKUPAV3;
				GENERATE_INFOPLIST_FILE = YES;
				IPHONEOS_DEPLOYMENT_TARGET = 18.2;
				MARKETING_VERSION = 1.0;
				PRODUCT_BUNDLE_IDENTIFIER = com.christiancattaneo.shiftTests;
				PRODUCT_NAME = "$(TARGET_NAME)";
				SWIFT_EMIT_LOC_STRINGS = NO;
				SWIFT_VERSION = 5.0;
				TARGETED_DEVICE_FAMILY = "1,2";
				TEST_HOST = "$(BUILT_PRODUCTS_DIR)/shift.app/$(BUNDLE_EXECUTABLE_FOLDER_PATH)/shift";
			};
			name = Debug;
		};
		3F15A2BA2DB74A8C0039128B /* Release */ = {
			isa = XCBuildConfiguration;
			buildSettings = {
				BUNDLE_LOADER = "$(TEST_HOST)";
				CODE_SIGN_STYLE = Automatic;
				CURRENT_PROJECT_VERSION = 1;
				DEVELOPMENT_TEAM = 4ASDKUPAV3;
				GENERATE_INFOPLIST_FILE = YES;
				IPHONEOS_DEPLOYMENT_TARGET = 18.2;
				MARKETING_VERSION = 1.0;
				PRODUCT_BUNDLE_IDENTIFIER = com.christiancattaneo.shiftTests;
				PRODUCT_NAME = "$(TARGET_NAME)";
				SWIFT_EMIT_LOC_STRINGS = NO;
				SWIFT_VERSION = 5.0;
				TARGETED_DEVICE_FAMILY = "1,2";
				TEST_HOST = "$(BUILT_PRODUCTS_DIR)/shift.app/$(BUNDLE_EXECUTABLE_FOLDER_PATH)/shift";
			};
			name = Release;
		};
		3F15A2BC2DB74A8C0039128B /* Debug */ = {
			isa = XCBuildConfiguration;
			buildSettings = {
				CODE_SIGN_STYLE = Automatic;
				CURRENT_PROJECT_VERSION = 1;
				DEVELOPMENT_TEAM = 4ASDKUPAV3;
				GENERATE_INFOPLIST_FILE = YES;
				MARKETING_VERSION = 1.0;
				PRODUCT_BUNDLE_IDENTIFIER = com.christiancattaneo.shiftUITests;
				PRODUCT_NAME = "$(TARGET_NAME)";
				SWIFT_EMIT_LOC_STRINGS = NO;
				SWIFT_VERSION = 5.0;
				TARGETED_DEVICE_FAMILY = "1,2";
				TEST_TARGET_NAME = shift;
			};
			name = Debug;
		};
		3F15A2BD2DB74A8C0039128B /* Release */ = {
			isa = XCBuildConfiguration;
			buildSettings = {
				CODE_SIGN_STYLE = Automatic;
				CURRENT_PROJECT_VERSION = 1;
				DEVELOPMENT_TEAM = 4ASDKUPAV3;
				GENERATE_INFOPLIST_FILE = YES;
				MARKETING_VERSION = 1.0;
				PRODUCT_BUNDLE_IDENTIFIER = com.christiancattaneo.shiftUITests;
				PRODUCT_NAME = "$(TARGET_NAME)";
				SWIFT_EMIT_LOC_STRINGS = NO;
				SWIFT_VERSION = 5.0;
				TARGETED_DEVICE_FAMILY = "1,2";
				TEST_TARGET_NAME = shift;
			};
			name = Release;
		};
/* End XCBuildConfiguration section */

/* Begin XCConfigurationList section */
		3F15A28C2DB74A8A0039128B /* Build configuration list for PBXProject "shift" */ = {
			isa = XCConfigurationList;
			buildConfigurations = (
				3F15A2B32DB74A8C0039128B /* Debug */,
				3F15A2B42DB74A8C0039128B /* Release */,
			);
			defaultConfigurationIsVisible = 0;
			defaultConfigurationName = Release;
		};
		3F15A2B52DB74A8C0039128B /* Build configuration list for PBXNativeTarget "shift" */ = {
			isa = XCConfigurationList;
			buildConfigurations = (
				3F15A2B62DB74A8C0039128B /* Debug */,
				3F15A2B72DB74A8C0039128B /* Release */,
			);
			defaultConfigurationIsVisible = 0;
			defaultConfigurationName = Release;
		};
		3F15A2B82DB74A8C0039128B /* Build configuration list for PBXNativeTarget "shiftTests" */ = {
			isa = XCConfigurationList;
			buildConfigurations = (
				3F15A2B92DB74A8C0039128B /* Debug */,
				3F15A2BA2DB74A8C0039128B /* Release */,
			);
			defaultConfigurationIsVisible = 0;
			defaultConfigurationName = Release;
		};
		3F15A2BB2DB74A8C0039128B /* Build configuration list for PBXNativeTarget "shiftUITests" */ = {
			isa = XCConfigurationList;
			buildConfigurations = (
				3F15A2BC2DB74A8C0039128B /* Debug */,
				3F15A2BD2DB74A8C0039128B /* Release */,
			);
			defaultConfigurationIsVisible = 0;
			defaultConfigurationName = Release;
		};
/* End XCConfigurationList section */

/* Begin XCRemoteSwiftPackageReference section */
		3FC867642E075D1A0059645E /* XCRemoteSwiftPackageReference "firebase-ios-sdk" */ = {
			isa = XCRemoteSwiftPackageReference;
			repositoryURL = "https://github.com/firebase/firebase-ios-sdk";
			requirement = {
				kind = upToNextMajorVersion;
				minimumVersion = 11.14.0;
			};
		};
		3FC8676F2E075D430059645E /* XCRemoteSwiftPackageReference "GoogleSignIn-iOS" */ = {
			isa = XCRemoteSwiftPackageReference;
			repositoryURL = "https://github.com/google/GoogleSignIn-iOS";
			requirement = {
				kind = upToNextMajorVersion;
				minimumVersion = 8.0.0;
			};
		};
/* End XCRemoteSwiftPackageReference section */

/* Begin XCSwiftPackageProductDependency section */
		3FC867652E075D1A0059645E /* FirebaseAuth */ = {
			isa = XCSwiftPackageProductDependency;
			package = 3FC867642E075D1A0059645E /* XCRemoteSwiftPackageReference "firebase-ios-sdk" */;
			productName = FirebaseAuth;
		};
		3FC867672E075D1A0059645E /* FirebaseDatabase */ = {
			isa = XCSwiftPackageProductDependency;
			package = 3FC867642E075D1A0059645E /* XCRemoteSwiftPackageReference "firebase-ios-sdk" */;
			productName = FirebaseDatabase;
		};
		3FC867692E075D1A0059645E /* FirebaseFirestore */ = {
			isa = XCSwiftPackageProductDependency;
			package = 3FC867642E075D1A0059645E /* XCRemoteSwiftPackageReference "firebase-ios-sdk" */;
			productName = FirebaseFirestore;
		};
		3FC8676B2E075D1A0059645E /* FirebaseFunctions */ = {
			isa = XCSwiftPackageProductDependency;
			package = 3FC867642E075D1A0059645E /* XCRemoteSwiftPackageReference "firebase-ios-sdk" */;
			productName = FirebaseFunctions;
		};
		3FC8676D2E075D1A0059645E /* FirebaseStorage */ = {
			isa = XCSwiftPackageProductDependency;
			package = 3FC867642E075D1A0059645E /* XCRemoteSwiftPackageReference "firebase-ios-sdk" */;
			productName = FirebaseStorage;
		};
		3FC867702E075D430059645E /* GoogleSignIn */ = {
			isa = XCSwiftPackageProductDependency;
			package = 3FC8676F2E075D430059645E /* XCRemoteSwiftPackageReference "GoogleSignIn-iOS" */;
			productName = GoogleSignIn;
		};
		3FC867722E075D430059645E /* GoogleSignInSwift */ = {
			isa = XCSwiftPackageProductDependency;
			package = 3FC8676F2E075D430059645E /* XCRemoteSwiftPackageReference "GoogleSignIn-iOS" */;
			productName = GoogleSignInSwift;
		};
/* End XCSwiftPackageProductDependency section */
	};
	rootObject = 3F15A2892DB74A8A0039128B /* Project object */;
}
